
Microsoft Visual Studio Solution File, Format Version 12.00
# Visual Studio Version 17
VisualStudioVersion = 17.8.34322.80
MinimumVisualStudioVersion = 10.0.40219.1
Project("{FAE04EC0-301F-11D3-BF4B-00C04F79EFBC}") = "List-Uppgift-6", "List-Uppgift-6\List-Uppgift-6.csproj", "{BB5CA8DD-4F5D-4AE7-B85E-AB745A84768B}"
EndProject
Global
	GlobalSection(SolutionConfigurationPlatforms) = preSolution
		Debug|Any CPU = Debug|Any CPU
		Release|Any CPU = Release|Any CPU
	EndGlobalSection
	GlobalSection(ProjectConfigurationPlatforms) = postSolution
		{BB5CA8DD-4F5D-4AE7-B85E-AB745A84768B}.Debug|Any CPU.ActiveCfg = Debug|Any CPU
		{BB5CA8DD-4F5D-4AE7-B85E-AB745A84768B}.Debug|Any CPU.Build.0 = Debug|Any CPU
		{BB5CA8DD-4F5D-4AE7-B85E-AB745A84768B}.Release|Any CPU.ActiveCfg = Release|Any CPU
		{BB5CA8DD-4F5D-4AE7-B85E-AB745A84768B}.Release|Any CPU.Build.0 = Release|Any CPU
	EndGlobalSection
	GlobalSection(SolutionProperties) = preSolution
		HideSolutionNode = FALSE
	EndGlobalSection
	GlobalSection(ExtensibilityGlobals) = postSolution
		SolutionGuid = {34192475-BBCA-4C3C-AB80-5192F95FDDC2}
	EndGlobalSection
EndGlobal
